{
  "name": "fortnite-basic-api",
  "version": "1.5.0",
  "lockfileVersion": 1,
  "requires": true,
  "dependencies": {
    "@types/async": {
      "version": "3.0.8",
      "resolved": "https://registry.npmjs.org/@types/async/-/async-3.0.8.tgz",
      "integrity": "sha512-wIM8bCrHeQHCUyDqJYXyvG8P98YeERaOB1NeOvcjnjlM32pn21S13j6tZqhiWX+nkpU3EvhtE/nuO1ItCpZ+HQ=="
    },
    "@types/node": {
      "version": "12.12.31",
      "resolved": "https://registry.npmjs.org/@types/node/-/node-12.12.31.tgz",
      "integrity": "sha512-T+wnJno8uh27G9c+1T+a1/WYCHzLeDqtsGJkoEdSp2X8RTh3oOCZQcUnjAx90CS8cmmADX51O0FI/tu9s0yssg=="
    },
    "@types/punycode": {
      "version": "2.1.0",
      "resolved": "https://registry.npmjs.org/@types/punycode/-/punycode-2.1.0.tgz",
      "integrity": "sha512-PG5aLpW6PJOeV2fHRslP4IOMWn+G+Uq8CfnyJ+PDS8ndCbU+soO+fB3NKCKo0p/Jh2Y4aPaiQZsrOXFdzpcA6g=="
    },
    "@types/readable-stream": {
      "version": "2.3.5",
      "resolved": "https://registry.npmjs.org/@types/readable-stream/-/readable-stream-2.3.5.tgz",
      "integrity": "sha512-Mq2eLkGYamlcolW603FY2ROBvcl90jPF+3jLkjpBV6qS+2aVeJqlgRG0TVAa1oWbmPdb5yOWlOPVvQle76nUNw==",
      "requires": {
        "@types/node": "*",
        "safe-buffer": "*"
      }
    },
    "@types/ws": {
      "version": "6.0.4",
      "resolved": "https://registry.npmjs.org/@types/ws/-/ws-6.0.4.tgz",
      "integrity": "sha512-PpPrX7SZW9re6+Ha8ojZG4Se8AZXgf0GK6zmfqEuCsY49LFDNXO3SByp44X3dFEqtB73lkCDAdUazhAjVPiNwg==",
      "requires": {
        "@types/node": "*"
      }
    },
    "ajv": {
      "version": "6.12.0",
      "resolved": "https://registry.npmjs.org/ajv/-/ajv-6.12.0.tgz",
      "integrity": "sha512-D6gFiFA0RRLyUbvijN74DWAjXSFxWKaWP7mldxkVhyhAV3+SWA9HEJPHQ2c9soIeTFJqcSdFDGFgdqs1iUU2Hw==",
      "requires": {
        "fast-deep-equal": "^3.1.1",
        "fast-json-stable-stringify": "^2.0.0",
        "json-schema-traverse": "^0.4.1",
        "uri-js": "^4.2.2"
      }
    },
    "asn1": {
      "version": "0.2.4",
      "resolved": "https://registry.npmjs.org/asn1/-/asn1-0.2.4.tgz",
      "integrity": "sha512-jxwzQpLQjSmWXgwaCZE9Nz+glAG01yF1QnWgbhGwHI5A6FRIEY6IVqtHhIepHqI7/kyEyQEagBC5mBEFlIYvdg==",
      "requires": {
        "safer-buffer": "~2.1.0"
      }
    },
    "assert-plus": {
      "version": "1.0.0",
      "resolved": "https://registry.npmjs.org/assert-plus/-/assert-plus-1.0.0.tgz",
      "integrity": "sha1-8S4PPF13sLHN2RRpQuTpbB5N1SU="
    },
    "async": {
      "version": "3.2.0",
      "resolved": "https://registry.npmjs.org/async/-/async-3.2.0.tgz",
      "integrity": "sha512-TR2mEZFVOj2pLStYxLht7TyfuRzaydfpxr3k9RpHIzMgw7A64dzsdqCxH1WJyQdoe8T10nDXd9wnEigmiuHIZw=="
    },
    "async-exit-hook": {
      "version": "2.0.1",
      "resolved": "https://registry.npmjs.org/async-exit-hook/-/async-exit-hook-2.0.1.tgz",
      "integrity": "sha512-NW2cX8m1Q7KPA7a5M2ULQeZ2wR5qI5PAbw5L0UOMxdioVk9PMZ0h1TmyZEkPYrCvYjDlFICusOu1dlEKAAeXBw=="
    },
    "asynckit": {
      "version": "0.4.0",
      "resolved": "https://registry.npmjs.org/asynckit/-/asynckit-0.4.0.tgz",
      "integrity": "sha1-x57Zf380y48robyXkLzDZkdLS3k="
    },
    "aws-sign2": {
      "version": "0.7.0",
      "resolved": "https://registry.npmjs.org/aws-sign2/-/aws-sign2-0.7.0.tgz",
      "integrity": "sha1-tG6JCTSpWR8tL2+G1+ap8bP+dqg="
    },
    "aws4": {
      "version": "1.9.1",
      "resolved": "https://registry.npmjs.org/aws4/-/aws4-1.9.1.tgz",
      "integrity": "sha512-wMHVg2EOHaMRxbzgFJ9gtjOOCrI80OHLG14rxi28XwOW8ux6IiEbRCGGGqCtdAIg4FQCbW20k9RsT4y3gJlFug=="
    },
    "base64-js": {
      "version": "1.3.1",
      "resolved": "https://registry.npmjs.org/base64-js/-/base64-js-1.3.1.tgz",
      "integrity": "sha512-mLQ4i2QO1ytvGWFWmcngKO//JXAQueZvwEKtjgQFM4jIK0kU+ytMfplL8j+n5mspOfjHwoAg+9yhb7BwAHm36g=="
    },
    "bcrypt-pbkdf": {
      "version": "1.0.2",
      "resolved": "https://registry.npmjs.org/bcrypt-pbkdf/-/bcrypt-pbkdf-1.0.2.tgz",
      "integrity": "sha1-pDAdOJtqQ/m2f/PKEaP2Y342Dp4=",
      "requires": {
        "tweetnacl": "^0.14.3"
      }
    },
    "bluebird": {
      "version": "3.7.2",
      "resolved": "https://registry.npmjs.org/bluebird/-/bluebird-3.7.2.tgz",
      "integrity": "sha512-XpNj6GDQzdfW+r2Wnn7xiSAd7TM3jzkxGXBGTtWKuSXv1xUV+azxAm8jdWZN06QTQk+2N2XB9jRDkvbmQmcRtg=="
    },
    "buffer": {
      "version": "4.9.2",
      "resolved": "https://registry.npmjs.org/buffer/-/buffer-4.9.2.tgz",
      "integrity": "sha512-xq+q3SRMOxGivLhBNaUdC64hDTQwejJ+H0T/NB1XMtTVEwNTrfFF3gAxiyW0Bu/xWEGhjVKgUcMhCrUy2+uCWg==",
      "requires": {
        "base64-js": "^1.0.2",
        "ieee754": "^1.1.4",
        "isarray": "^1.0.0"
      }
    },
    "caseless": {
      "version": "0.12.0",
      "resolved": "https://registry.npmjs.org/caseless/-/caseless-0.12.0.tgz",
      "integrity": "sha1-G2gcIf+EAzyCZUMJBolCDRhxUdw="
    },
    "combined-stream": {
      "version": "1.0.8",
      "resolved": "https://registry.npmjs.org/combined-stream/-/combined-stream-1.0.8.tgz",
      "integrity": "sha512-FQN4MRfuJeHf7cBbBMJFXhKSDq+2kAArBlmRBvcvFE5BB1HZKXtSFASDhdlz9zOYwxh8lDdnvmMOe/+5cdoEdg==",
      "requires": {
        "delayed-stream": "~1.0.0"
      }
    },
    "core-util-is": {
      "version": "1.0.2",
      "resolved": "https://registry.npmjs.org/core-util-is/-/core-util-is-1.0.2.tgz",
      "integrity": "sha1-tf1UIgqivFq1eqtxQMlAdUUDwac="
    },
    "dashdash": {
      "version": "1.14.1",
      "resolved": "https://registry.npmjs.org/dashdash/-/dashdash-1.14.1.tgz",
      "integrity": "sha1-hTz6D3y+L+1d4gMmuN1YEDX24vA=",
      "requires": {
        "assert-plus": "^1.0.0"
      }
    },
    "delayed-stream": {
      "version": "1.0.0",
      "resolved": "https://registry.npmjs.org/delayed-stream/-/delayed-stream-1.0.0.tgz",
      "integrity": "sha1-3zrhmayt+31ECqrgsp4icrJOxhk="
    },
    "ecc-jsbn": {
      "version": "0.1.2",
      "resolved": "https://registry.npmjs.org/ecc-jsbn/-/ecc-jsbn-0.1.2.tgz",
      "integrity": "sha1-OoOpBOVDUyh4dMVkt1SThoSamMk=",
      "requires": {
        "jsbn": "~0.1.0",
        "safer-buffer": "^2.1.0"
      }
    },
    "events": {
      "version": "3.1.0",
      "resolved": "https://registry.npmjs.org/events/-/events-3.1.0.tgz",
      "integrity": "sha512-Rv+u8MLHNOdMjTAFeT3nCjHn2aGlx435FP/sDHNaRhDEMwyI/aB22Kj2qIN8R0cw3z28psEQLYwxVKLsKrMgWg=="
    },
    "extend": {
      "version": "3.0.2",
      "resolved": "https://registry.npmjs.org/extend/-/extend-3.0.2.tgz",
      "integrity": "sha512-fjquC59cD7CyW6urNXK0FBufkZcoiGG80wTuPujX590cB5Ttln20E2UB4S/WARVqhXffZl2LNgS+gQdPIIim/g=="
    },
    "extsprintf": {
      "version": "1.3.0",
      "resolved": "https://registry.npmjs.org/extsprintf/-/extsprintf-1.3.0.tgz",
      "integrity": "sha1-lpGEQOMEGnpBT4xS48V06zw+HgU="
    },
    "fast-deep-equal": {
      "version": "3.1.1",
      "resolved": "https://registry.npmjs.org/fast-deep-equal/-/fast-deep-equal-3.1.1.tgz",
      "integrity": "sha512-8UEa58QDLauDNfpbrX55Q9jrGHThw2ZMdOky5Gl1CDtVeJDPVrG4Jxx1N8jw2gkWaff5UUuX1KJd+9zGe2B+ZA=="
    },
    "fast-json-stable-stringify": {
      "version": "2.1.0",
      "resolved": "https://registry.npmjs.org/fast-json-stable-stringify/-/fast-json-stable-stringify-2.1.0.tgz",
      "integrity": "sha512-lhd/wF+Lk98HZoTCtlVraHtfh5XYijIjalXck7saUtuanSDyLMxnHhSXEDJqHxD7msR8D0uCmqlkwjCV8xvwHw=="
    },
    "forever-agent": {
      "version": "0.6.1",
      "resolved": "https://registry.npmjs.org/forever-agent/-/forever-agent-0.6.1.tgz",
      "integrity": "sha1-+8cfDEGt6zf5bFd60e1C2P2sypE="
    },
    "form-data": {
      "version": "2.3.3",
      "resolved": "https://registry.npmjs.org/form-data/-/form-data-2.3.3.tgz",
      "integrity": "sha512-1lLKB2Mu3aGP1Q/2eCOx0fNbRMe7XdwktwOruhfqqd0rIJWwN4Dh+E3hrPSlDCXnSR7UtZ1N38rVXm+6+MEhJQ==",
      "requires": {
        "asynckit": "^0.4.0",
        "combined-stream": "^1.0.6",
        "mime-types": "^2.1.12"
      }
    },
    "getpass": {
      "version": "0.1.7",
      "resolved": "https://registry.npmjs.org/getpass/-/getpass-0.1.7.tgz",
      "integrity": "sha1-Xv+OPmhNVprkyysSgmBOi6YhSfo=",
      "requires": {
        "assert-plus": "^1.0.0"
      }
    },
    "har-schema": {
      "version": "2.0.0",
      "resolved": "https://registry.npmjs.org/har-schema/-/har-schema-2.0.0.tgz",
      "integrity": "sha1-qUwiJOvKwEeCoNkDVSHyRzW37JI="
    },
    "har-validator": {
      "version": "5.1.3",
      "resolved": "https://registry.npmjs.org/har-validator/-/har-validator-5.1.3.tgz",
      "integrity": "sha512-sNvOCzEQNr/qrvJgc3UG/kD4QtlHycrzwS+6mfTrrSq97BvaYcPZZI1ZSqGSPR73Cxn4LKTD4PttRwfU7jWq5g==",
      "requires": {
        "ajv": "^6.5.5",
        "har-schema": "^2.0.0"
      }
    },
    "http-signature": {
      "version": "1.2.0",
      "resolved": "https://registry.npmjs.org/http-signature/-/http-signature-1.2.0.tgz",
      "integrity": "sha1-muzZJRFHcvPZW2WmCruPfBj7rOE=",
      "requires": {
        "assert-plus": "^1.0.0",
        "jsprim": "^1.2.2",
        "sshpk": "^1.7.0"
      }
    },
    "ieee754": {
      "version": "1.1.13",
      "resolved": "https://registry.npmjs.org/ieee754/-/ieee754-1.1.13.tgz",
      "integrity": "sha512-4vf7I2LYV/HaWerSo3XmlMkp5eZ83i+/CDluXi/IGTs/O1sejBNhTtnxzmRZfvOUqj7lZjqHkeTvpgSFDlWZTg=="
    },
    "inherits": {
      "version": "2.0.4",
      "resolved": "https://registry.npmjs.org/inherits/-/inherits-2.0.4.tgz",
      "integrity": "sha512-k/vGaX4/Yla3WzyMCvTQOXYeIHvqOKtnqBduzTHpzpQZzAskKMhZ2K+EnBiSM9zGSoIFeMpXKxa4dYeZIQqewQ=="
    },
    "is-typedarray": {
      "version": "1.0.0",
      "resolved": "https://registry.npmjs.org/is-typedarray/-/is-typedarray-1.0.0.tgz",
      "integrity": "sha1-5HnICFjfDBsR3dppQPlgEfzaSpo="
    },
    "isarray": {
      "version": "1.0.0",
      "resolved": "https://registry.npmjs.org/isarray/-/isarray-1.0.0.tgz",
      "integrity": "sha1-u5NdSFgsuhaMBoNJV6VKPgcSTxE="
    },
    "isstream": {
      "version": "0.1.2",
      "resolved": "https://registry.npmjs.org/isstream/-/isstream-0.1.2.tgz",
      "integrity": "sha1-R+Y/evVa+m+S4VAOaQ64uFKcCZo="
    },
    "jsbn": {
      "version": "0.1.1",
      "resolved": "https://registry.npmjs.org/jsbn/-/jsbn-0.1.1.tgz",
      "integrity": "sha1-peZUwuWi3rXyAdls77yoDA7y9RM="
    },
    "json-schema": {
      "version": "0.2.3",
      "resolved": "https://registry.npmjs.org/json-schema/-/json-schema-0.2.3.tgz",
      "integrity": "sha1-tIDIkuWaLwWVTOcnvT8qTogvnhM="
    },
    "json-schema-traverse": {
      "version": "0.4.1",
      "resolved": "https://registry.npmjs.org/json-schema-traverse/-/json-schema-traverse-0.4.1.tgz",
      "integrity": "sha512-xbbCH5dCYU5T8LcEhhuh7HJ88HXuW3qsI3Y0zOZFKfZEHcpWiHU/Jxzk629Brsab/mMiHQti9wMP+845RPe3Vg=="
    },
    "json-stringify-safe": {
      "version": "5.0.1",
      "resolved": "https://registry.npmjs.org/json-stringify-safe/-/json-stringify-safe-5.0.1.tgz",
      "integrity": "sha1-Epai1Y/UXxmg9s4B1lcB4sc1tus="
    },
    "jsprim": {
      "version": "1.4.1",
      "resolved": "https://registry.npmjs.org/jsprim/-/jsprim-1.4.1.tgz",
      "integrity": "sha1-MT5mvB5cwG5Di8G3SZwuXFastqI=",
      "requires": {
        "assert-plus": "1.0.0",
        "extsprintf": "1.3.0",
        "json-schema": "0.2.3",
        "verror": "1.10.0"
      }
    },
    "mime-db": {
      "version": "1.43.0",
      "resolved": "https://registry.npmjs.org/mime-db/-/mime-db-1.43.0.tgz",
      "integrity": "sha512-+5dsGEEovYbT8UY9yD7eE4XTc4UwJ1jBYlgaQQF38ENsKR3wj/8q8RFZrF9WIZpB2V1ArTVFUva8sAul1NzRzQ=="
    },
    "mime-types": {
      "version": "2.1.26",
      "resolved": "https://registry.npmjs.org/mime-types/-/mime-types-2.1.26.tgz",
      "integrity": "sha512-01paPWYgLrkqAyrlDorC1uDwl2p3qZT7yl806vW7DvDoxwXi46jsjFbg+WdwotBIk6/MbEhO/dh5aZ5sNj/dWQ==",
      "requires": {
        "mime-db": "1.43.0"
      }
    },
    "node-fetch": {
      "version": "2.6.0",
      "resolved": "https://registry.npmjs.org/node-fetch/-/node-fetch-2.6.0.tgz",
      "integrity": "sha512-8dG4H5ujfvFiqDmVu9fQ5bOHUC15JMjMY/Zumv26oOvvVJjM67KF8koCWIabKQ1GJIa9r2mMZscBq/TbdOcmNA=="
    },
    "oauth-sign": {
      "version": "0.9.0",
      "resolved": "https://registry.npmjs.org/oauth-sign/-/oauth-sign-0.9.0.tgz",
      "integrity": "sha512-fexhUFFPTGV8ybAtSIGbV6gOkSv8UtRbDBnAyLQw4QPKkgNlsH2ByPGtMUqdWkos6YCRmAqViwgZrJc/mRDzZQ=="
    },
    "performance-now": {
      "version": "2.1.0",
      "resolved": "https://registry.npmjs.org/performance-now/-/performance-now-2.1.0.tgz",
      "integrity": "sha1-Ywn04OX6kT7BxpMHrjZLSzd8nns="
    },
    "process-nextick-args": {
      "version": "2.0.1",
      "resolved": "https://registry.npmjs.org/process-nextick-args/-/process-nextick-args-2.0.1.tgz",
      "integrity": "sha512-3ouUOpQhtgrbOa17J7+uxOTpITYWaGP7/AhoR3+A+/1e9skrzelGi/dXzEYyvbxubEF6Wn2ypscTKiKJFFn1ag=="
    },
    "psl": {
      "version": "1.1.32",
      "resolved": "https://registry.npmjs.org/psl/-/psl-1.1.32.tgz",
      "integrity": "sha512-MHACAkHpihU/REGGPLj4sEfc/XKW2bheigvHO1dUqjaKigMp1C8+WLQYRGgeKFMsw5PMfegZcaN8IDXK/cD0+g=="
    },
    "punycode": {
      "version": "2.1.1",
      "resolved": "https://registry.npmjs.org/punycode/-/punycode-2.1.1.tgz",
      "integrity": "sha512-XRsRjdf+j5ml+y/6GKHPZbrF/8p2Yga0JPtdqTIY2Xe5ohJPD9saDJJLPvp9+NSBprVvevdXZybnj2cv8OEd0A=="
    },
    "qs": {
      "version": "6.5.2",
      "resolved": "https://registry.npmjs.org/qs/-/qs-6.5.2.tgz",
      "integrity": "sha512-N5ZAX4/LxJmF+7wN74pUD6qAh9/wnvdQcjq9TZjevvXzSUo7bfmw91saqMjzGS2xq91/odN2dW/WOl7qQHNDGA=="
    },
    "react-native-randombytes": {
      "version": "3.5.3",
      "resolved": "https://registry.npmjs.org/react-native-randombytes/-/react-native-randombytes-3.5.3.tgz",
      "integrity": "sha512-n/7QwMrRJxHr+/3mt2KxqqacGylM+ssW+FfBTgXGzvwq5KzSohooEWf6Z6MTSByuJ/izP9VbSPtwomPwzvupKQ==",
      "requires": {
        "buffer": "^4.9.1",
        "sjcl": "^1.0.3"
      }
    },
    "readable-stream": {
      "version": "2.3.7",
      "resolved": "https://registry.npmjs.org/readable-stream/-/readable-stream-2.3.7.tgz",
      "integrity": "sha512-Ebho8K4jIbHAxnuxi7o42OrZgF/ZTNcsZj6nRKyUmkhLFq8CHItp/fy6hQZuZmP/n3yZ9VBUbp4zz/mX8hmYPw==",
      "requires": {
        "core-util-is": "~1.0.0",
        "inherits": "~2.0.3",
        "isarray": "~1.0.0",
        "process-nextick-args": "~2.0.0",
        "safe-buffer": "~5.1.1",
        "string_decoder": "~1.1.1",
        "util-deprecate": "~1.0.1"
      },
      "dependencies": {
        "safe-buffer": {
          "version": "5.1.2",
          "resolved": "https://registry.npmjs.org/safe-buffer/-/safe-buffer-5.1.2.tgz",
          "integrity": "sha512-Gd2UZBJDkXlY7GbJxfsE8/nvKkUEU1G38c1siN6QP6a9PT9MmHB8GnpscSmMJSoF8LOIrt8ud/wPtojys4G6+g=="
        }
      }
    },
    "readline": {
      "version": "1.3.0",
      "resolved": "https://registry.npmjs.org/readline/-/readline-1.3.0.tgz",
      "integrity": "sha1-xYDXfvLPyHUrEySYBg3JeTp6wBw="
    },
    "request": {
      "version": "2.88.2",
      "resolved": "https://registry.npmjs.org/request/-/request-2.88.2.tgz",
      "integrity": "sha512-MsvtOrfG9ZcrOwAW+Qi+F6HbD0CWXEh9ou77uOb7FM2WPhwT7smM833PzanhJLsgXjN89Ir6V2PczXNnMpwKhw==",
      "requires": {
        "aws-sign2": "~0.7.0",
        "aws4": "^1.8.0",
        "caseless": "~0.12.0",
        "combined-stream": "~1.0.6",
        "extend": "~3.0.2",
        "forever-agent": "~0.6.1",
        "form-data": "~2.3.2",
        "har-validator": "~5.1.3",
        "http-signature": "~1.2.0",
        "is-typedarray": "~1.0.0",
        "isstream": "~0.1.2",
        "json-stringify-safe": "~5.0.1",
        "mime-types": "~2.1.19",
        "oauth-sign": "~0.9.0",
        "performance-now": "^2.1.0",
        "qs": "~6.5.2",
        "safe-buffer": "^5.1.2",
        "tough-cookie": "~2.5.0",
        "tunnel-agent": "^0.6.0",
        "uuid": "^3.3.2"
      },
      "dependencies": {
        "uuid": {
          "version": "3.4.0",
          "resolved": "https://registry.npmjs.org/uuid/-/uuid-3.4.0.tgz",
          "integrity": "sha512-HjSDRw6gZE5JMggctHBcjVak08+KEVhSIiDzFnT9S9aegmp85S/bReBVTb4QTFaRNptJ9kuYaNhnbNEOkbKb/A=="
        }
      }
    },
    "request-promise": {
      "version": "4.2.5",
      "resolved": "https://registry.npmjs.org/request-promise/-/request-promise-4.2.5.tgz",
      "integrity": "sha512-ZgnepCykFdmpq86fKGwqntyTiUrHycALuGggpyCZwMvGaZWgxW6yagT0FHkgo5LzYvOaCNvxYwWYIjevSH1EDg==",
      "requires": {
        "bluebird": "^3.5.0",
        "request-promise-core": "1.1.3",
        "stealthy-require": "^1.1.1",
        "tough-cookie": "^2.3.3"
      }
    },
    "request-promise-core": {
      "version": "1.1.3",
      "resolved": "https://registry.npmjs.org/request-promise-core/-/request-promise-core-1.1.3.tgz",
      "integrity": "sha512-QIs2+ArIGQVp5ZYbWD5ZLCY29D5CfWizP8eWnm8FoGD1TX61veauETVQbrV60662V0oFBkrDOuaBI8XgtuyYAQ==",
      "requires": {
        "lodash": "^4.17.15"
      },
      "dependencies": {
        "lodash": {
          "version": "4.17.15",
          "resolved": "https://registry.npmjs.org/lodash/-/lodash-4.17.15.tgz",
          "integrity": "sha512-8xOcRHvCjnocdS5cpwXQXVzmmh5e5+saE2QGoeQmbKmRS6J3VQppPOIt0MnmE+4xlZoumy0GPG0D0MVIQbNA1A=="
        }
      }
    },
    "safe-buffer": {
      "version": "5.2.0",
      "resolved": "https://registry.npmjs.org/safe-buffer/-/safe-buffer-5.2.0.tgz",
      "integrity": "sha512-fZEwUGbVl7kouZs1jCdMLdt95hdIv0ZeHg6L7qPeciMZhZ+/gdesW4wgTARkrFWEpspjEATAzUGPG8N2jJiwbg=="
    },
    "safer-buffer": {
      "version": "2.1.2",
      "resolved": "https://registry.npmjs.org/safer-buffer/-/safer-buffer-2.1.2.tgz",
      "integrity": "sha512-YZo3K82SD7Riyi0E1EQPojLz7kpepnSQI9IyPbHHg1XXXevb5dJI7tpyN2ADxGcQbHG7vcyRHk0cbwqcQriUtg=="
    },
    "sdp": {
      "version": "2.12.0",
      "resolved": "https://registry.npmjs.org/sdp/-/sdp-2.12.0.tgz",
      "integrity": "sha512-jhXqQAQVM+8Xj5EjJGVweuEzgtGWb3tmEEpl3CLP3cStInSbVHSg0QWOGQzNq8pSID4JkpeV2mPqlMDLrm0/Vw=="
    },
    "sjcl": {
      "version": "1.0.8",
      "resolved": "https://registry.npmjs.org/sjcl/-/sjcl-1.0.8.tgz",
      "integrity": "sha512-LzIjEQ0S0DpIgnxMEayM1rq9aGwGRG4OnZhCdjx7glTaJtf4zRfpg87ImfjSJjoW9vKpagd82McDOwbRT5kQKQ=="
    },
    "sshpk": {
      "version": "1.16.1",
      "resolved": "https://registry.npmjs.org/sshpk/-/sshpk-1.16.1.tgz",
      "integrity": "sha512-HXXqVUq7+pcKeLqqZj6mHFUMvXtOJt1uoUx09pFW6011inTMxqI8BA8PM95myrIyyKwdnzjdFjLiE6KBPVtJIg==",
      "requires": {
        "asn1": "~0.2.3",
        "assert-plus": "^1.0.0",
        "bcrypt-pbkdf": "^1.0.0",
        "dashdash": "^1.12.0",
        "ecc-jsbn": "~0.1.1",
        "getpass": "^0.1.1",
        "jsbn": "~0.1.0",
        "safer-buffer": "^2.0.2",
        "tweetnacl": "~0.14.0"
      }
    },
    "stanza": {
      "version": "12.6.3",
      "resolved": "https://registry.npmjs.org/stanza/-/stanza-12.6.3.tgz",
      "integrity": "sha512-vOzqesOwAx9pQqCbS8XjdrgnRQ7IvPrPqpIJpaqDZrfc9V92i6a/twu2duM5kmxwRnKtj+1ML1MJFV0YcBjPkg==",
      "requires": {
        "@types/async": "^3.0.3",
        "@types/node": "^12.12.20",
        "@types/punycode": "^2.1.0",
        "@types/readable-stream": "^2.3.5",
        "@types/ws": "^6.0.4",
        "async": "^3.0.1",
        "node-fetch": "^2.6.0",
        "punycode": "^2.1.1",
        "react-native-randombytes": "^3.5.3",
        "readable-stream": "^2.3.6",
        "sdp": "^2.10.0",
        "stanza-shims": "^1.1.1",
        "tslib": "^1.9.3",
        "ws": "^7.2.1"
      }
    },
    "stanza-shims": {
      "version": "1.1.1",
      "resolved": "https://registry.npmjs.org/stanza-shims/-/stanza-shims-1.1.1.tgz",
      "integrity": "sha512-4pyz4ynpQho7xzw10VGdtuGeWKuHjgvgYh43cTF48NuFDcSIUuEcbylBgKUywdglYlU9glsJJmIDPusC+STyuQ==",
      "requires": {
        "@types/readable-stream": "^2.3.4",
        "@types/ws": "^6.0.3",
        "node-fetch": "^2.6.0",
        "react-native-randombytes": "^3.5.3",
        "readable-stream": "^2.3.6",
        "tslib": "^1.10.0",
        "ws": "^7.1.2"
      }
    },
    "stealthy-require": {
      "version": "1.1.1",
      "resolved": "https://registry.npmjs.org/stealthy-require/-/stealthy-require-1.1.1.tgz",
      "integrity": "sha1-NbCYdbT/SfJqd35QmzCQoyJr8ks="
    },
    "string_decoder": {
      "version": "1.1.1",
      "resolved": "https://registry.npmjs.org/string_decoder/-/string_decoder-1.1.1.tgz",
      "integrity": "sha512-n/ShnvDi6FHbbVfviro+WojiFzv+s8MPMHBczVePfUpDJLwoLT0ht1l4YwBCbi8pJAveEEdnkHyPyTP/mzRfwg==",
      "requires": {
        "safe-buffer": "~5.1.0"
      },
      "dependencies": {
        "safe-buffer": {
          "version": "5.1.2",
          "resolved": "https://registry.npmjs.org/safe-buffer/-/safe-buffer-5.1.2.tgz",
          "integrity": "sha512-Gd2UZBJDkXlY7GbJxfsE8/nvKkUEU1G38c1siN6QP6a9PT9MmHB8GnpscSmMJSoF8LOIrt8ud/wPtojys4G6+g=="
        }
      }
    },
    "tough-cookie": {
      "version": "2.5.0",
      "resolved": "https://registry.npmjs.org/tough-cookie/-/tough-cookie-2.5.0.tgz",
      "integrity": "sha512-nlLsUzgm1kfLXSXfRZMc1KLAugd4hqJHDTvc2hDIwS3mZAfMEuMbc03SujMF+GEcpaX/qboeycw6iO8JwVv2+g==",
      "requires": {
        "psl": "^1.1.28",
        "punycode": "^2.1.1"
      }
    },
    "tslib": {
      "version": "1.11.1",
      "resolved": "https://registry.npmjs.org/tslib/-/tslib-1.11.1.tgz",
      "integrity": "sha512-aZW88SY8kQbU7gpV19lN24LtXh/yD4ZZg6qieAJDDg+YBsJcSmLGK9QpnUjAKVG/xefmvJGd1WUmfpT/g6AJGA=="
    },
    "tunnel-agent": {
      "version": "0.6.0",
      "resolved": "https://registry.npmjs.org/tunnel-agent/-/tunnel-agent-0.6.0.tgz",
      "integrity": "sha1-J6XeoGs2sEoKmWZ3SykIaPD8QP0=",
      "requires": {
        "safe-buffer": "^5.0.1"
      }
    },
    "tweetnacl": {
      "version": "0.14.5",
      "resolved": "https://registry.npmjs.org/tweetnacl/-/tweetnacl-0.14.5.tgz",
      "integrity": "sha1-WuaBd/GS1EViadEIr6k/+HQ/T2Q="
    },
    "uri-js": {
      "version": "4.2.2",
      "resolved": "https://registry.npmjs.org/uri-js/-/uri-js-4.2.2.tgz",
      "integrity": "sha512-KY9Frmirql91X2Qgjry0Wd4Y+YTdrdZheS8TFwvkbLWf/G5KNJDCh6pKL5OZctEW4+0Baa5idK2ZQuELRwPznQ==",
      "requires": {
        "punycode": "^2.1.0"
      }
    },
    "util-deprecate": {
      "version": "1.0.2",
      "resolved": "https://registry.npmjs.org/util-deprecate/-/util-deprecate-1.0.2.tgz",
      "integrity": "sha1-RQ1Nyfpw3nMnYvvS1KKJgUGaDM8="
    },
    "uuid": {
      "version": "7.0.2",
      "resolved": "https://registry.npmjs.org/uuid/-/uuid-7.0.2.tgz",
      "integrity": "sha512-vy9V/+pKG+5ZTYKf+VcphF5Oc6EFiu3W8Nv3P3zIh0EqVI80ZxOzuPfe9EHjkFNvf8+xuTHVeei4Drydlx4zjw=="
    },
    "verror": {
      "version": "1.10.0",
      "resolved": "https://registry.npmjs.org/verror/-/verror-1.10.0.tgz",
      "integrity": "sha1-OhBcoXBTr1XW4nDB+CiGguGNpAA=",
      "requires": {
        "assert-plus": "^1.0.0",
        "core-util-is": "1.0.2",
        "extsprintf": "^1.2.0"
      }
    },
    "ws": {
      "version": "7.2.3",
      "resolved": "https://registry.npmjs.org/ws/-/ws-7.2.3.tgz",
      "integrity": "sha512-HTDl9G9hbkNDk98naoR/cHDws7+EyYMOdL1BmjsZXRUjf7d+MficC4B7HLUPlSiho0vg+CWKrGIt/VJBd1xunQ=="
    }
  }
}
